
Microsoft Visual Studio Solution File, Format Version 12.00
# Visual Studio Version 16
VisualStudioVersion = 16.0.29920.165
MinimumVisualStudioVersion = 10.0.40219.1
Project("{FAE04EC0-301F-11D3-BF4B-00C04F79EFBC}") = "DialogService", "DialogService\DialogService.csproj", "{7AA0F64E-13EE-4AF9-B4D3-1E679A624893}"
EndProject
Project("{FAE04EC0-301F-11D3-BF4B-00C04F79EFBC}") = "DialogService.Tests", "DialogService.Tests\DialogService.Tests.csproj", "{A93761E5-F1F3-4165-A87C-A44D8DFA3E57}"
EndProject
Project("{FAE04EC0-301F-11D3-BF4B-00C04F79EFBC}") = "DialogService.CrossPlatform", "DialogService.CrossPlatform\DialogService.CrossPlatform.csproj", "{0A07CDF5-E597-4F26-B955-40F469AEC071}"
EndProject
Project("{FAE04EC0-301F-11D3-BF4B-00C04F79EFBC}") = "DialogService.Win32", "DialogService.Win32\DialogService.Win32.csproj", "{2993A448-29B4-4FB7-81BB-69DB97CC7956}"
EndProject
Global
	GlobalSection(SolutionConfigurationPlatforms) = preSolution
		Debug|Any CPU = Debug|Any CPU
		Release|Any CPU = Release|Any CPU
	EndGlobalSection
	GlobalSection(ProjectConfigurationPlatforms) = postSolution
		{7AA0F64E-13EE-4AF9-B4D3-1E679A624893}.Debug|Any CPU.ActiveCfg = Debug|Any CPU
		{7AA0F64E-13EE-4AF9-B4D3-1E679A624893}.Debug|Any CPU.Build.0 = Debug|Any CPU
		{7AA0F64E-13EE-4AF9-B4D3-1E679A624893}.Release|Any CPU.ActiveCfg = Release|Any CPU
		{7AA0F64E-13EE-4AF9-B4D3-1E679A624893}.Release|Any CPU.Build.0 = Release|Any CPU
		{A93761E5-F1F3-4165-A87C-A44D8DFA3E57}.Debug|Any CPU.ActiveCfg = Debug|Any CPU
		{A93761E5-F1F3-4165-A87C-A44D8DFA3E57}.Debug|Any CPU.Build.0 = Debug|Any CPU
		{A93761E5-F1F3-4165-A87C-A44D8DFA3E57}.Release|Any CPU.ActiveCfg = Release|Any CPU
		{A93761E5-F1F3-4165-A87C-A44D8DFA3E57}.Release|Any CPU.Build.0 = Release|Any CPU
		{0A07CDF5-E597-4F26-B955-40F469AEC071}.Debug|Any CPU.ActiveCfg = Debug|Any CPU
		{0A07CDF5-E597-4F26-B955-40F469AEC071}.Debug|Any CPU.Build.0 = Debug|Any CPU
		{0A07CDF5-E597-4F26-B955-40F469AEC071}.Release|Any CPU.ActiveCfg = Release|Any CPU
		{0A07CDF5-E597-4F26-B955-40F469AEC071}.Release|Any CPU.Build.0 = Release|Any CPU
		{2993A448-29B4-4FB7-81BB-69DB97CC7956}.Debug|Any CPU.ActiveCfg = Debug|Any CPU
		{2993A448-29B4-4FB7-81BB-69DB97CC7956}.Debug|Any CPU.Build.0 = Debug|Any CPU
		{2993A448-29B4-4FB7-81BB-69DB97CC7956}.Release|Any CPU.ActiveCfg = Release|Any CPU
		{2993A448-29B4-4FB7-81BB-69DB97CC7956}.Release|Any CPU.Build.0 = Release|Any CPU
	EndGlobalSection
	GlobalSection(SolutionProperties) = preSolution
		HideSolutionNode = FALSE
	EndGlobalSection
	GlobalSection(ExtensibilityGlobals) = postSolution
		SolutionGuid = {3B667D54-3B2A-4DAE-A4BF-89E9B1740B85}
	EndGlobalSection
EndGlobal
